schema: '2.0'
stages:
  data_ingestion:
    cmd: python src/data_ingestion.py
    deps:
    - path: src/data_ingestion.py
      hash: md5
      md5: f42b22c0919ce32579ed5b1849ca29e3
      size: 3639
    params:
      params.yaml:
        data_ingestion.test_size: 0.2
    outs:
    - path: data/raw
      hash: md5
      md5: 1a287d34dc172d9f950c03dae35f7e73.dir
      size: 484846
      nfiles: 2
  data_preprocessing:
    cmd: python src/data_preprocessing.py
    deps:
    - path: data/raw
      hash: md5
      md5: 1a287d34dc172d9f950c03dae35f7e73.dir
      size: 484846
      nfiles: 2
    - path: src/data_preprocessing.py
      hash: md5
      md5: ae0059b79590609927f72e3c373f1865
      size: 3973
    outs:
    - path: data/interim
      hash: md5
      md5: d99be5cb2b019d747166f90739fa6d08.dir
      size: 260073
      nfiles: 2
  feature_engineering:
    cmd: python src/feature_engineering.py
    deps:
    - path: data/interim
      hash: md5
      md5: d99be5cb2b019d747166f90739fa6d08.dir
      size: 260073
      nfiles: 2
    - path: src/feature_engineering.py
      hash: md5
      md5: d3db89800bf49ce590b7d923a400c01b
      size: 3908
    params:
      params.yaml:
        feature_engineering.max_features: 35
    outs:
    - path: data/processed
      hash: md5
      md5: ee15f8c49a4bd9cb3e1fb075cc341981.dir
      size: 1293407
      nfiles: 2
  model_building:
    cmd: python src/model_building.py
    deps:
    - path: data/processed
      hash: md5
      md5: ee15f8c49a4bd9cb3e1fb075cc341981.dir
      size: 1293407
      nfiles: 2
    - path: src/model_building.py
      hash: md5
      md5: 98fcd9fa821ff96d35dc7b5bde3d3191
      size: 4525
    params:
      params.yaml:
        model_building.n_estimators: 26
        model_building.random_state: 4
    outs:
    - path: models/model.pkl
      hash: md5
      md5: dbe7e426797cae47eadd7949b5689fac
      size: 1075651
  model_evaluation:
    cmd: python src/model_evaluation.py
    deps:
    - path: models/model.pkl
      hash: md5
      md5: dbe7e426797cae47eadd7949b5689fac
      size: 1075651
    - path: src/model_evaluation.py
      hash: md5
      md5: 63ff9faac79653e3f7db194c6d716960
      size: 4655
    outs:
    - path: reports/metrics.json
      hash: md5
      md5: 5202bcddc8fcb0866a5b3c7ff6b94096
      size: 131
